
Microsoft Visual Studio Solution File, Format Version 12.00
# Visual Studio Version 17
VisualStudioVersion = 17.10.35004.147
MinimumVisualStudioVersion = 10.0.40219.1
Project("{2150E333-8FDC-42A3-9474-1A3956D46DE8}") = "ChainOfResponsbility", "ChainOfResponsbility", "{41C1677E-0F33-418C-B0EB-08F5473631B6}"
EndProject
Project("{FAE04EC0-301F-11D3-BF4B-00C04F79EFBC}") = "ChainOfResponsibility", "ChainOfResponsibility\ChainOfResponsibility.csproj", "{61D32B57-B41D-4159-97DA-DF2CEB012A6E}"
EndProject
Global
	GlobalSection(SolutionConfigurationPlatforms) = preSolution
		Debug|Any CPU = Debug|Any CPU
		Release|Any CPU = Release|Any CPU
	EndGlobalSection
	GlobalSection(ProjectConfigurationPlatforms) = postSolution
		{61D32B57-B41D-4159-97DA-DF2CEB012A6E}.Debug|Any CPU.ActiveCfg = Debug|Any CPU
		{61D32B57-B41D-4159-97DA-DF2CEB012A6E}.Debug|Any CPU.Build.0 = Debug|Any CPU
		{61D32B57-B41D-4159-97DA-DF2CEB012A6E}.Release|Any CPU.ActiveCfg = Release|Any CPU
		{61D32B57-B41D-4159-97DA-DF2CEB012A6E}.Release|Any CPU.Build.0 = Release|Any CPU
	EndGlobalSection
	GlobalSection(SolutionProperties) = preSolution
		HideSolutionNode = FALSE
	EndGlobalSection
	GlobalSection(NestedProjects) = preSolution
		{61D32B57-B41D-4159-97DA-DF2CEB012A6E} = {41C1677E-0F33-418C-B0EB-08F5473631B6}
	EndGlobalSection
	GlobalSection(ExtensibilityGlobals) = postSolution
		SolutionGuid = {CBB440B6-7772-4183-B1A7-FABA5C1672B5}
	EndGlobalSection
EndGlobal
